// !$*UTF8*$!
{
	archiveVersion = 1;
	classes = {
	};
	objectVersion = 48;
	objects = {

/* Begin PBXBuildFile section */
		231270471FCFE26B00833CE8 /* AppDelegate.mm in Sources */ = {isa = PBXBuildFile; fileRef = 231270461FCFE26B00833CE8 /* AppDelegate.mm */; };
		2312704A1FCFE26B00833CE8 /* ViewController.m in Sources */ = {isa = PBXBuildFile; fileRef = 231270491FCFE26B00833CE8 /* ViewController.m */; };
		2312704D1FCFE26B00833CE8 /* Main.storyboard in Resources */ = {isa = PBXBuildFile; fileRef = 2312704B1FCFE26B00833CE8 /* Main.storyboard */; };
		2312704F1FCFE26B00833CE8 /* Assets.xcassets in Resources */ = {isa = PBXBuildFile; fileRef = 2312704E1FCFE26B00833CE8 /* Assets.xcassets */; };
		231270521FCFE26B00833CE8 /* LaunchScreen.storyboard in Resources */ = {isa = PBXBuildFile; fileRef = 231270501FCFE26B00833CE8 /* LaunchScreen.storyboard */; };
		231270551FCFE26B00833CE8 /* main.m in Sources */ = {isa = PBXBuildFile; fileRef = 231270541FCFE26B00833CE8 /* main.m */; };
		2312705F1FCFE26C00833CE8 /* TestTests.m in Sources */ = {isa = PBXBuildFile; fileRef = 2312705E1FCFE26C00833CE8 /* TestTests.m */; };
		2312706A1FCFE26C00833CE8 /* TestUITests.m in Sources */ = {isa = PBXBuildFile; fileRef = 231270691FCFE26C00833CE8 /* TestUITests.m */; };
		231270791FCFE2DB00833CE8 /* CircleView.m in Sources */ = {isa = PBXBuildFile; fileRef = 231270781FCFE2DB00833CE8 /* CircleView.m */; };
		2347501C2047D9CC00B2D3FD /* CCPSDKBundle.bundle in Resources */ = {isa = PBXBuildFile; fileRef = 2347500C2047D9CC00B2D3FD /* CCPSDKBundle.bundle */; };
		2347501D2047D9CC00B2D3FD /* YTX_iOS_IM_SDK_v5.4.1r.a in Frameworks */ = {isa = PBXBuildFile; fileRef = 234750182047D9CC00B2D3FD /* YTX_iOS_IM_SDK_v5.4.1r.a */; };
		2347501F2047DA4400B2D3FD /* libresolv.9.tbd in Frameworks */ = {isa = PBXBuildFile; fileRef = 2347501E2047DA4400B2D3FD /* libresolv.9.tbd */; };
		234750212047DA5E00B2D3FD /* libicucore.tbd in Frameworks */ = {isa = PBXBuildFile; fileRef = 234750202047DA5E00B2D3FD /* libicucore.tbd */; };
		234750232047DA6B00B2D3FD /* libsqlite3.tbd in Frameworks */ = {isa = PBXBuildFile; fileRef = 234750222047DA6B00B2D3FD /* libsqlite3.tbd */; };
		234750252047DA8300B2D3FD /* libz.tbd in Frameworks */ = {isa = PBXBuildFile; fileRef = 234750242047DA8300B2D3FD /* libz.tbd */; };
		234750272047DA9100B2D3FD /* libstdc++.6.0.9.tbd in Frameworks */ = {isa = PBXBuildFile; fileRef = 234750262047DA9000B2D3FD /* libstdc++.6.0.9.tbd */; };
		234750292047DAA200B2D3FD /* CoreTelephony.framework in Frameworks */ = {isa = PBXBuildFile; fileRef = 234750282047DAA200B2D3FD /* CoreTelephony.framework */; };
		2347502B2047DAB000B2D3FD /* MediaPlayer.framework in Frameworks */ = {isa = PBXBuildFile; fileRef = 2347502A2047DAB000B2D3FD /* MediaPlayer.framework */; };
		2347502D2047DAB900B2D3FD /* CFNetwork.framework in Frameworks */ = {isa = PBXBuildFile; fileRef = 2347502C2047DAB900B2D3FD /* CFNetwork.framework */; };
		2347502F2047DAC500B2D3FD /* SystemConfiguration.framework in Frameworks */ = {isa = PBXBuildFile; fileRef = 2347502E2047DAC500B2D3FD /* SystemConfiguration.framework */; };
		234750312047DAD200B2D3FD /* MobileCoreServices.framework in Frameworks */ = {isa = PBXBuildFile; fileRef = 234750302047DAD200B2D3FD /* MobileCoreServices.framework */; };
		234750332047DADD00B2D3FD /* AudioToolbox.framework in Frameworks */ = {isa = PBXBuildFile; fileRef = 234750322047DADD00B2D3FD /* AudioToolbox.framework */; };
		234750352047DAEE00B2D3FD /* CoreGraphics.framework in Frameworks */ = {isa = PBXBuildFile; fileRef = 234750342047DAED00B2D3FD /* CoreGraphics.framework */; };
		234750372047DAF600B2D3FD /* AVFoundation.framework in Frameworks */ = {isa = PBXBuildFile; fileRef = 234750362047DAF600B2D3FD /* AVFoundation.framework */; };
		234750392047DAFF00B2D3FD /* VideoToolbox.framework in Frameworks */ = {isa = PBXBuildFile; fileRef = 234750382047DAFF00B2D3FD /* VideoToolbox.framework */; };
		2347503D2047F92F00B2D3FD /* CircleBtn.m in Sources */ = {isa = PBXBuildFile; fileRef = 2347503C2047F92F00B2D3FD /* CircleBtn.m */; };
		2373C68920CF958D00F85072 /* address_js.js in Resources */ = {isa = PBXBuildFile; fileRef = 2373C68820CF958C00F85072 /* address_js.js */; };
		2373C68B20CF96A800F85072 /* test.txt in Resources */ = {isa = PBXBuildFile; fileRef = 2373C68A20CF96A800F85072 /* test.txt */; };
		2373C68D20CF989A00F85072 /* condition.txt in Resources */ = {isa = PBXBuildFile; fileRef = 2373C68C20CF989900F85072 /* condition.txt */; };
		2373C68F20CFA32C00F85072 /* area.json in Resources */ = {isa = PBXBuildFile; fileRef = 2373C68E20CFA32B00F85072 /* area.json */; };
		23BEE98D83E9D2E32A520B18 /* libPods-Test.a in Frameworks */ = {isa = PBXBuildFile; fileRef = 2D1A714DD24CAAA2AA17EB7A /* libPods-Test.a */; };
		23D6917A2043DD8A00A1FD54 /* TwoController.m in Sources */ = {isa = PBXBuildFile; fileRef = 23D691792043DD8A00A1FD54 /* TwoController.m */; };
		23D6917D2043F97200A1FD54 /* UIView+category.m in Sources */ = {isa = PBXBuildFile; fileRef = 23D6917C2043F97200A1FD54 /* UIView+category.m */; };
/* End PBXBuildFile section */

/* Begin PBXContainerItemProxy section */
		2312705B1FCFE26C00833CE8 /* PBXContainerItemProxy */ = {
			isa = PBXContainerItemProxy;
			containerPortal = 2312703A1FCFE26B00833CE8 /* Project object */;
			proxyType = 1;
			remoteGlobalIDString = 231270411FCFE26B00833CE8;
			remoteInfo = Test;
		};
		231270661FCFE26C00833CE8 /* PBXContainerItemProxy */ = {
			isa = PBXContainerItemProxy;
			containerPortal = 2312703A1FCFE26B00833CE8 /* Project object */;
			proxyType = 1;
			remoteGlobalIDString = 231270411FCFE26B00833CE8;
			remoteInfo = Test;
		};
/* End PBXContainerItemProxy section */

/* Begin PBXFileReference section */
		0D33D86D8726CC06A30817CF /* Pods-Test.release.xcconfig */ = {isa = PBXFileReference; includeInIndex = 1; lastKnownFileType = text.xcconfig; name = "Pods-Test.release.xcconfig"; path = "Pods/Target Support Files/Pods-Test/Pods-Test.release.xcconfig"; sourceTree = "<group>"; };
		231270421FCFE26B00833CE8 /* Test.app */ = {isa = PBXFileReference; explicitFileType = wrapper.application; includeInIndex = 0; path = Test.app; sourceTree = BUILT_PRODUCTS_DIR; };
		231270451FCFE26B00833CE8 /* AppDelegate.h */ = {isa = PBXFileReference; lastKnownFileType = sourcecode.c.h; path = AppDelegate.h; sourceTree = "<group>"; };
		231270461FCFE26B00833CE8 /* AppDelegate.mm */ = {isa = PBXFileReference; lastKnownFileType = sourcecode.cpp.objcpp; path = AppDelegate.mm; sourceTree = "<group>"; };
		231270481FCFE26B00833CE8 /* ViewController.h */ = {isa = PBXFileReference; lastKnownFileType = sourcecode.c.h; path = ViewController.h; sourceTree = "<group>"; };
		231270491FCFE26B00833CE8 /* ViewController.m */ = {isa = PBXFileReference; lastKnownFileType = sourcecode.c.objc; path = ViewController.m; sourceTree = "<group>"; };
		2312704C1FCFE26B00833CE8 /* Base */ = {isa = PBXFileReference; lastKnownFileType = file.storyboard; name = Base; path = Base.lproj/Main.storyboard; sourceTree = "<group>"; };
		2312704E1FCFE26B00833CE8 /* Assets.xcassets */ = {isa = PBXFileReference; lastKnownFileType = folder.assetcatalog; path = Assets.xcassets; sourceTree = "<group>"; };
		231270511FCFE26B00833CE8 /* Base */ = {isa = PBXFileReference; lastKnownFileType = file.storyboard; name = Base; path = Base.lproj/LaunchScreen.storyboard; sourceTree = "<group>"; };
		231270531FCFE26B00833CE8 /* Info.plist */ = {isa = PBXFileReference; lastKnownFileType = text.plist.xml; path = Info.plist; sourceTree = "<group>"; };
		231270541FCFE26B00833CE8 /* main.m */ = {isa = PBXFileReference; lastKnownFileType = sourcecode.c.objc; path = main.m; sourceTree = "<group>"; };
		2312705A1FCFE26C00833CE8 /* TestTests.xctest */ = {isa = PBXFileReference; explicitFileType = wrapper.cfbundle; includeInIndex = 0; path = TestTests.xctest; sourceTree = BUILT_PRODUCTS_DIR; };
		2312705E1FCFE26C00833CE8 /* TestTests.m */ = {isa = PBXFileReference; lastKnownFileType = sourcecode.c.objc; path = TestTests.m; sourceTree = "<group>"; };
		231270601FCFE26C00833CE8 /* Info.plist */ = {isa = PBXFileReference; lastKnownFileType = text.plist.xml; path = Info.plist; sourceTree = "<group>"; };
		231270651FCFE26C00833CE8 /* TestUITests.xctest */ = {isa = PBXFileReference; explicitFileType = wrapper.cfbundle; includeInIndex = 0; path = TestUITests.xctest; sourceTree = BUILT_PRODUCTS_DIR; };
		231270691FCFE26C00833CE8 /* TestUITests.m */ = {isa = PBXFileReference; lastKnownFileType = sourcecode.c.objc; path = TestUITests.m; sourceTree = "<group>"; };
		2312706B1FCFE26C00833CE8 /* Info.plist */ = {isa = PBXFileReference; lastKnownFileType = text.plist.xml; path = Info.plist; sourceTree = "<group>"; };
		231270771FCFE2DB00833CE8 /* CircleView.h */ = {isa = PBXFileReference; lastKnownFileType = sourcecode.c.h; path = CircleView.h; sourceTree = "<group>"; };
		231270781FCFE2DB00833CE8 /* CircleView.m */ = {isa = PBXFileReference; lastKnownFileType = sourcecode.c.objc; path = CircleView.m; sourceTree = "<group>"; };
		23474FD32047D9CC00B2D3FD /* ECMessage.h */ = {isa = PBXFileReference; fileEncoding = 4; lastKnownFileType = sourcecode.c.h; path = ECMessage.h; sourceTree = "<group>"; };
		23474FD42047D9CC00B2D3FD /* ECMeetingRoom.h */ = {isa = PBXFileReference; fileEncoding = 4; lastKnownFileType = sourcecode.c.h; path = ECMeetingRoom.h; sourceTree = "<group>"; };
		23474FD52047D9CC00B2D3FD /* ECMessageBody.h */ = {isa = PBXFileReference; fileEncoding = 4; lastKnownFileType = sourcecode.c.h; path = ECMessageBody.h; sourceTree = "<group>"; };
		23474FD62047D9CC00B2D3FD /* ECSountTouchConfig.h */ = {isa = PBXFileReference; fileEncoding = 4; lastKnownFileType = sourcecode.c.h; path = ECSountTouchConfig.h; sourceTree = "<group>"; };
		23474FD72047D9CC00B2D3FD /* NetworkStatistic.h */ = {isa = PBXFileReference; fileEncoding = 4; lastKnownFileType = sourcecode.c.h; path = NetworkStatistic.h; sourceTree = "<group>"; };
		23474FD82047D9CC00B2D3FD /* ECBaseNoticeMsg.h */ = {isa = PBXFileReference; fileEncoding = 4; lastKnownFileType = sourcecode.c.h; path = ECBaseNoticeMsg.h; sourceTree = "<group>"; };
		23474FD92047D9CC00B2D3FD /* ECProgressDelegate.h */ = {isa = PBXFileReference; fileEncoding = 4; lastKnownFileType = sourcecode.c.h; path = ECProgressDelegate.h; sourceTree = "<group>"; };
		23474FDA2047D9CC00B2D3FD /* ECImageMessageBody.h */ = {isa = PBXFileReference; fileEncoding = 4; lastKnownFileType = sourcecode.c.h; path = ECImageMessageBody.h; sourceTree = "<group>"; };
		23474FDB2047D9CC00B2D3FD /* ECGroupOption.h */ = {isa = PBXFileReference; fileEncoding = 4; lastKnownFileType = sourcecode.c.h; path = ECGroupOption.h; sourceTree = "<group>"; };
		23474FDC2047D9CC00B2D3FD /* ECPersonInfo.h */ = {isa = PBXFileReference; fileEncoding = 4; lastKnownFileType = sourcecode.c.h; path = ECPersonInfo.h; sourceTree = "<group>"; };
		23474FDD2047D9CC00B2D3FD /* ECGroupMember.h */ = {isa = PBXFileReference; fileEncoding = 4; lastKnownFileType = sourcecode.c.h; path = ECGroupMember.h; sourceTree = "<group>"; };
		23474FDE2047D9CC00B2D3FD /* ECGroup.h */ = {isa = PBXFileReference; fileEncoding = 4; lastKnownFileType = sourcecode.c.h; path = ECGroup.h; sourceTree = "<group>"; };
		23474FDF2047D9CC00B2D3FD /* ECAudioConfig.h */ = {isa = PBXFileReference; fileEncoding = 4; lastKnownFileType = sourcecode.c.h; path = ECAudioConfig.h; sourceTree = "<group>"; };
		23474FE02047D9CC00B2D3FD /* ECMultiVoiceMeetingMsg.h */ = {isa = PBXFileReference; fileEncoding = 4; lastKnownFileType = sourcecode.c.h; path = ECMultiVoiceMeetingMsg.h; sourceTree = "<group>"; };
		23474FE12047D9CC00B2D3FD /* ECMultiDeviceState.h */ = {isa = PBXFileReference; fileEncoding = 4; lastKnownFileType = sourcecode.c.h; path = ECMultiDeviceState.h; sourceTree = "<group>"; };
		23474FE22047D9CC00B2D3FD /* ECVideoMessageBody.h */ = {isa = PBXFileReference; fileEncoding = 4; lastKnownFileType = sourcecode.c.h; path = ECVideoMessageBody.h; sourceTree = "<group>"; };
		23474FE32047D9CC00B2D3FD /* ECUserStateMessageBody.h */ = {isa = PBXFileReference; fileEncoding = 4; lastKnownFileType = sourcecode.c.h; path = ECUserStateMessageBody.h; sourceTree = "<group>"; };
		23474FE42047D9CC00B2D3FD /* ECUserState.h */ = {isa = PBXFileReference; fileEncoding = 4; lastKnownFileType = sourcecode.c.h; path = ECUserState.h; sourceTree = "<group>"; };
		23474FE52047D9CC00B2D3FD /* ECLoginInfo.h */ = {isa = PBXFileReference; fileEncoding = 4; lastKnownFileType = sourcecode.c.h; path = ECLoginInfo.h; sourceTree = "<group>"; };
		23474FE62047D9CC00B2D3FD /* ECMultiVideoMeetingMsg.h */ = {isa = PBXFileReference; fileEncoding = 4; lastKnownFileType = sourcecode.c.h; path = ECMultiVideoMeetingMsg.h; sourceTree = "<group>"; };
		23474FE72047D9CC00B2D3FD /* ECGroupNoticeMessage.h */ = {isa = PBXFileReference; fileEncoding = 4; lastKnownFileType = sourcecode.c.h; path = ECGroupNoticeMessage.h; sourceTree = "<group>"; };
		23474FE82047D9CC00B2D3FD /* ECCallMessageBody.h */ = {isa = PBXFileReference; fileEncoding = 4; lastKnownFileType = sourcecode.c.h; path = ECCallMessageBody.h; sourceTree = "<group>"; };
		23474FE92047D9CC00B2D3FD /* ECStruct.h */ = {isa = PBXFileReference; fileEncoding = 4; lastKnownFileType = sourcecode.c.h; path = ECStruct.h; sourceTree = "<group>"; };
		23474FEA2047D9CC00B2D3FD /* ECMessageNotifyMsg.h */ = {isa = PBXFileReference; fileEncoding = 4; lastKnownFileType = sourcecode.c.h; path = ECMessageNotifyMsg.h; sourceTree = "<group>"; };
		23474FEB2047D9CC00B2D3FD /* ECLocationMessageBody.h */ = {isa = PBXFileReference; fileEncoding = 4; lastKnownFileType = sourcecode.c.h; path = ECLocationMessageBody.h; sourceTree = "<group>"; };
		23474FEC2047D9CC00B2D3FD /* ECFriendNoticeMsg.h */ = {isa = PBXFileReference; fileEncoding = 4; lastKnownFileType = sourcecode.c.h; path = ECFriendNoticeMsg.h; sourceTree = "<group>"; };
		23474FED2047D9CC00B2D3FD /* VoipCall.h */ = {isa = PBXFileReference; fileEncoding = 4; lastKnownFileType = sourcecode.c.h; path = VoipCall.h; sourceTree = "<group>"; };
		23474FEE2047D9CC00B2D3FD /* ECPreviewMessageBody.h */ = {isa = PBXFileReference; fileEncoding = 4; lastKnownFileType = sourcecode.c.h; path = ECPreviewMessageBody.h; sourceTree = "<group>"; };
		23474FEF2047D9CC00B2D3FD /* ECError.h */ = {isa = PBXFileReference; fileEncoding = 4; lastKnownFileType = sourcecode.c.h; path = ECError.h; sourceTree = "<group>"; };
		23474FF02047D9CC00B2D3FD /* ECCreateMeetingParams.h */ = {isa = PBXFileReference; fileEncoding = 4; lastKnownFileType = sourcecode.c.h; path = ECCreateMeetingParams.h; sourceTree = "<group>"; };
		23474FF12047D9CC00B2D3FD /* ECFileMessageBody.h */ = {isa = PBXFileReference; fileEncoding = 4; lastKnownFileType = sourcecode.c.h; path = ECFileMessageBody.h; sourceTree = "<group>"; };
		23474FF22047D9CC00B2D3FD /* ECInterphoneMeetingMsg.h */ = {isa = PBXFileReference; fileEncoding = 4; lastKnownFileType = sourcecode.c.h; path = ECInterphoneMeetingMsg.h; sourceTree = "<group>"; };
		23474FF42047D9CC00B2D3FD /* ECLiveChatRoomMember.h */ = {isa = PBXFileReference; fileEncoding = 4; lastKnownFileType = sourcecode.c.h; path = ECLiveChatRoomMember.h; sourceTree = "<group>"; };
		23474FF52047D9CC00B2D3FD /* ECLiveChatRoomNoticeMessage.h */ = {isa = PBXFileReference; fileEncoding = 4; lastKnownFileType = sourcecode.c.h; path = ECLiveChatRoomNoticeMessage.h; sourceTree = "<group>"; };
		23474FF62047D9CC00B2D3FD /* ECLiveChatRoomRequest.h */ = {isa = PBXFileReference; fileEncoding = 4; lastKnownFileType = sourcecode.c.h; path = ECLiveChatRoomRequest.h; sourceTree = "<group>"; };
		23474FF72047D9CC00B2D3FD /* ECLiveChatRoomInfo.h */ = {isa = PBXFileReference; fileEncoding = 4; lastKnownFileType = sourcecode.c.h; path = ECLiveChatRoomInfo.h; sourceTree = "<group>"; };
		23474FF82047D9CC00B2D3FD /* CameraDeviceInfo.h */ = {isa = PBXFileReference; fileEncoding = 4; lastKnownFileType = sourcecode.c.h; path = CameraDeviceInfo.h; sourceTree = "<group>"; };
		23474FF92047D9CC00B2D3FD /* ECGroupMatch.h */ = {isa = PBXFileReference; fileEncoding = 4; lastKnownFileType = sourcecode.c.h; path = ECGroupMatch.h; sourceTree = "<group>"; };
		23474FFA2047D9CC00B2D3FD /* ECCmdMessageBody.h */ = {isa = PBXFileReference; fileEncoding = 4; lastKnownFileType = sourcecode.c.h; path = ECCmdMessageBody.h; sourceTree = "<group>"; };
		23474FFB2047D9CC00B2D3FD /* ECTextMessageBody.h */ = {isa = PBXFileReference; fileEncoding = 4; lastKnownFileType = sourcecode.c.h; path = ECTextMessageBody.h; sourceTree = "<group>"; };
		23474FFC2047D9CC00B2D3FD /* ECReadMessageMember.h */ = {isa = PBXFileReference; fileEncoding = 4; lastKnownFileType = sourcecode.c.h; path = ECReadMessageMember.h; sourceTree = "<group>"; };
		23474FFD2047D9CC00B2D3FD /* ECVoiceMessageBody.h */ = {isa = PBXFileReference; fileEncoding = 4; lastKnownFileType = sourcecode.c.h; path = ECVoiceMessageBody.h; sourceTree = "<group>"; };
		23474FFE2047D9CC00B2D3FD /* ECMeetingMember.h */ = {isa = PBXFileReference; fileEncoding = 4; lastKnownFileType = sourcecode.c.h; path = ECMeetingMember.h; sourceTree = "<group>"; };
		234750002047D9CC00B2D3FD /* ECEnumDefs.h */ = {isa = PBXFileReference; fileEncoding = 4; lastKnownFileType = sourcecode.c.h; path = ECEnumDefs.h; sourceTree = "<group>"; };
		234750022047D9CC00B2D3FD /* ECDeskDelegate.h */ = {isa = PBXFileReference; fileEncoding = 4; lastKnownFileType = sourcecode.c.h; path = ECDeskDelegate.h; sourceTree = "<group>"; };
		234750032047D9CC00B2D3FD /* ECMessageDelegate.h */ = {isa = PBXFileReference; fileEncoding = 4; lastKnownFileType = sourcecode.c.h; path = ECMessageDelegate.h; sourceTree = "<group>"; };
		234750042047D9CC00B2D3FD /* ECSystemDelegate.h */ = {isa = PBXFileReference; fileEncoding = 4; lastKnownFileType = sourcecode.c.h; path = ECSystemDelegate.h; sourceTree = "<group>"; };
		234750052047D9CC00B2D3FD /* ECDelegateBase.h */ = {isa = PBXFileReference; fileEncoding = 4; lastKnownFileType = sourcecode.c.h; path = ECDelegateBase.h; sourceTree = "<group>"; };
		234750062047D9CC00B2D3FD /* ECChatDelegate.h */ = {isa = PBXFileReference; fileEncoding = 4; lastKnownFileType = sourcecode.c.h; path = ECChatDelegate.h; sourceTree = "<group>"; };
		234750072047D9CC00B2D3FD /* ECGroupDelegate.h */ = {isa = PBXFileReference; fileEncoding = 4; lastKnownFileType = sourcecode.c.h; path = ECGroupDelegate.h; sourceTree = "<group>"; };
		234750082047D9CC00B2D3FD /* ECMeetingDelegate.h */ = {isa = PBXFileReference; fileEncoding = 4; lastKnownFileType = sourcecode.c.h; path = ECMeetingDelegate.h; sourceTree = "<group>"; };
		234750092047D9CC00B2D3FD /* ECVoIPCallDelegate.h */ = {isa = PBXFileReference; fileEncoding = 4; lastKnownFileType = sourcecode.c.h; path = ECVoIPCallDelegate.h; sourceTree = "<group>"; };
		2347500A2047D9CC00B2D3FD /* ECNetworkDelegate.h */ = {isa = PBXFileReference; fileEncoding = 4; lastKnownFileType = sourcecode.c.h; path = ECNetworkDelegate.h; sourceTree = "<group>"; };
		2347500B2047D9CC00B2D3FD /* ECLiveChatRoomDelegate.h */ = {isa = PBXFileReference; fileEncoding = 4; lastKnownFileType = sourcecode.c.h; path = ECLiveChatRoomDelegate.h; sourceTree = "<group>"; };
		2347500C2047D9CC00B2D3FD /* CCPSDKBundle.bundle */ = {isa = PBXFileReference; lastKnownFileType = "wrapper.plug-in"; path = CCPSDKBundle.bundle; sourceTree = "<group>"; };
		2347500E2047D9CC00B2D3FD /* ECChatManager.h */ = {isa = PBXFileReference; fileEncoding = 4; lastKnownFileType = sourcecode.c.h; path = ECChatManager.h; sourceTree = "<group>"; };
		2347500F2047D9CC00B2D3FD /* ECGroupManager.h */ = {isa = PBXFileReference; fileEncoding = 4; lastKnownFileType = sourcecode.c.h; path = ECGroupManager.h; sourceTree = "<group>"; };
		234750102047D9CC00B2D3FD /* ECLiveChatRoomManager.h */ = {isa = PBXFileReference; fileEncoding = 4; lastKnownFileType = sourcecode.c.h; path = ECLiveChatRoomManager.h; sourceTree = "<group>"; };
		234750112047D9CC00B2D3FD /* ECVoIPSetManager.h */ = {isa = PBXFileReference; fileEncoding = 4; lastKnownFileType = sourcecode.c.h; path = ECVoIPSetManager.h; sourceTree = "<group>"; };
		234750122047D9CC00B2D3FD /* ECVoIPManager.h */ = {isa = PBXFileReference; fileEncoding = 4; lastKnownFileType = sourcecode.c.h; path = ECVoIPManager.h; sourceTree = "<group>"; };
		234750132047D9CC00B2D3FD /* ECVoIPCallManager.h */ = {isa = PBXFileReference; fileEncoding = 4; lastKnownFileType = sourcecode.c.h; path = ECVoIPCallManager.h; sourceTree = "<group>"; };
		234750142047D9CC00B2D3FD /* ECMeetingManager.h */ = {isa = PBXFileReference; fileEncoding = 4; lastKnownFileType = sourcecode.c.h; path = ECMeetingManager.h; sourceTree = "<group>"; };
		234750152047D9CC00B2D3FD /* ECMessageManager.h */ = {isa = PBXFileReference; fileEncoding = 4; lastKnownFileType = sourcecode.c.h; path = ECMessageManager.h; sourceTree = "<group>"; };
		234750162047D9CC00B2D3FD /* ECManagerBase.h */ = {isa = PBXFileReference; fileEncoding = 4; lastKnownFileType = sourcecode.c.h; path = ECManagerBase.h; sourceTree = "<group>"; };
		234750182047D9CC00B2D3FD /* YTX_iOS_IM_SDK_v5.4.1r.a */ = {isa = PBXFileReference; lastKnownFileType = archive.ar; path = YTX_iOS_IM_SDK_v5.4.1r.a; sourceTree = "<group>"; };
		234750192047D9CC00B2D3FD /* ECDeviceHeaders.h */ = {isa = PBXFileReference; fileEncoding = 4; lastKnownFileType = sourcecode.c.h; path = ECDeviceHeaders.h; sourceTree = "<group>"; };
		2347501A2047D9CC00B2D3FD /* ECDeviceDelegate.h */ = {isa = PBXFileReference; fileEncoding = 4; lastKnownFileType = sourcecode.c.h; path = ECDeviceDelegate.h; sourceTree = "<group>"; };
		2347501B2047D9CC00B2D3FD /* ECDevice.h */ = {isa = PBXFileReference; fileEncoding = 4; lastKnownFileType = sourcecode.c.h; path = ECDevice.h; sourceTree = "<group>"; };
		2347501E2047DA4400B2D3FD /* libresolv.9.tbd */ = {isa = PBXFileReference; lastKnownFileType = "sourcecode.text-based-dylib-definition"; name = libresolv.9.tbd; path = usr/lib/libresolv.9.tbd; sourceTree = SDKROOT; };
		234750202047DA5E00B2D3FD /* libicucore.tbd */ = {isa = PBXFileReference; lastKnownFileType = "sourcecode.text-based-dylib-definition"; name = libicucore.tbd; path = usr/lib/libicucore.tbd; sourceTree = SDKROOT; };
		234750222047DA6B00B2D3FD /* libsqlite3.tbd */ = {isa = PBXFileReference; lastKnownFileType = "sourcecode.text-based-dylib-definition"; name = libsqlite3.tbd; path = usr/lib/libsqlite3.tbd; sourceTree = SDKROOT; };
		234750242047DA8300B2D3FD /* libz.tbd */ = {isa = PBXFileReference; lastKnownFileType = "sourcecode.text-based-dylib-definition"; name = libz.tbd; path = usr/lib/libz.tbd; sourceTree = SDKROOT; };
		234750262047DA9000B2D3FD /* libstdc++.6.0.9.tbd */ = {isa = PBXFileReference; lastKnownFileType = "sourcecode.text-based-dylib-definition"; name = "libstdc++.6.0.9.tbd"; path = "usr/lib/libstdc++.6.0.9.tbd"; sourceTree = SDKROOT; };
		234750282047DAA200B2D3FD /* CoreTelephony.framework */ = {isa = PBXFileReference; lastKnownFileType = wrapper.framework; name = CoreTelephony.framework; path = System/Library/Frameworks/CoreTelephony.framework; sourceTree = SDKROOT; };
		2347502A2047DAB000B2D3FD /* MediaPlayer.framework */ = {isa = PBXFileReference; lastKnownFileType = wrapper.framework; name = MediaPlayer.framework; path = System/Library/Frameworks/MediaPlayer.framework; sourceTree = SDKROOT; };
		2347502C2047DAB900B2D3FD /* CFNetwork.framework */ = {isa = PBXFileReference; lastKnownFileType = wrapper.framework; name = CFNetwork.framework; path = System/Library/Frameworks/CFNetwork.framework; sourceTree = SDKROOT; };
		2347502E2047DAC500B2D3FD /* SystemConfiguration.framework */ = {isa = PBXFileReference; lastKnownFileType = wrapper.framework; name = SystemConfiguration.framework; path = System/Library/Frameworks/SystemConfiguration.framework; sourceTree = SDKROOT; };
		234750302047DAD200B2D3FD /* MobileCoreServices.framework */ = {isa = PBXFileReference; lastKnownFileType = wrapper.framework; name = MobileCoreServices.framework; path = System/Library/Frameworks/MobileCoreServices.framework; sourceTree = SDKROOT; };
		234750322047DADD00B2D3FD /* AudioToolbox.framework */ = {isa = PBXFileReference; lastKnownFileType = wrapper.framework; name = AudioToolbox.framework; path = System/Library/Frameworks/AudioToolbox.framework; sourceTree = SDKROOT; };
		234750342047DAED00B2D3FD /* CoreGraphics.framework */ = {isa = PBXFileReference; lastKnownFileType = wrapper.framework; name = CoreGraphics.framework; path = System/Library/Frameworks/CoreGraphics.framework; sourceTree = SDKROOT; };
		234750362047DAF600B2D3FD /* AVFoundation.framework */ = {isa = PBXFileReference; lastKnownFileType = wrapper.framework; name = AVFoundation.framework; path = System/Library/Frameworks/AVFoundation.framework; sourceTree = SDKROOT; };
		234750382047DAFF00B2D3FD /* VideoToolbox.framework */ = {isa = PBXFileReference; lastKnownFileType = wrapper.framework; name = VideoToolbox.framework; path = System/Library/Frameworks/VideoToolbox.framework; sourceTree = SDKROOT; };
		2347503A2047DBEF00B2D3FD /* Test.entitlements */ = {isa = PBXFileReference; lastKnownFileType = text.plist.entitlements; path = Test.entitlements; sourceTree = "<group>"; };
		2347503B2047F92F00B2D3FD /* CircleBtn.h */ = {isa = PBXFileReference; lastKnownFileType = sourcecode.c.h; path = CircleBtn.h; sourceTree = "<group>"; };
		2347503C2047F92F00B2D3FD /* CircleBtn.m */ = {isa = PBXFileReference; lastKnownFileType = sourcecode.c.objc; path = CircleBtn.m; sourceTree = "<group>"; };
		2373C68820CF958C00F85072 /* address_js.js */ = {isa = PBXFileReference; fileEncoding = 4; lastKnownFileType = sourcecode.javascript; path = address_js.js; sourceTree = "<group>"; };
		2373C68A20CF96A800F85072 /* test.txt */ = {isa = PBXFileReference; fileEncoding = 4; lastKnownFileType = text; path = test.txt; sourceTree = "<group>"; };
		2373C68C20CF989900F85072 /* condition.txt */ = {isa = PBXFileReference; fileEncoding = 4; lastKnownFileType = text; path = condition.txt; sourceTree = "<group>"; };
		2373C68E20CFA32B00F85072 /* area.json */ = {isa = PBXFileReference; fileEncoding = 4; lastKnownFileType = text.json; path = area.json; sourceTree = "<group>"; };
		23D691752043A1FB00A1FD54 /* PrefixHeader.pch */ = {isa = PBXFileReference; lastKnownFileType = sourcecode.c.h; path = PrefixHeader.pch; sourceTree = "<group>"; };
		23D691782043DD8A00A1FD54 /* TwoController.h */ = {isa = PBXFileReference; lastKnownFileType = sourcecode.c.h; path = TwoController.h; sourceTree = "<group>"; };
		23D691792043DD8A00A1FD54 /* TwoController.m */ = {isa = PBXFileReference; lastKnownFileType = sourcecode.c.objc; path = TwoController.m; sourceTree = "<group>"; };
		23D6917B2043F97200A1FD54 /* UIView+category.h */ = {isa = PBXFileReference; lastKnownFileType = sourcecode.c.h; path = "UIView+category.h"; sourceTree = "<group>"; };
		23D6917C2043F97200A1FD54 /* UIView+category.m */ = {isa = PBXFileReference; lastKnownFileType = sourcecode.c.objc; path = "UIView+category.m"; sourceTree = "<group>"; };
		2D1A714DD24CAAA2AA17EB7A /* libPods-Test.a */ = {isa = PBXFileReference; explicitFileType = archive.ar; includeInIndex = 0; path = "libPods-Test.a"; sourceTree = BUILT_PRODUCTS_DIR; };
		9BB4E8DC10E03DB676A2A816 /* Pods-Test.debug.xcconfig */ = {isa = PBXFileReference; includeInIndex = 1; lastKnownFileType = text.xcconfig; name = "Pods-Test.debug.xcconfig"; path = "Pods/Target Support Files/Pods-Test/Pods-Test.debug.xcconfig"; sourceTree = "<group>"; };
/* End PBXFileReference section */

/* Begin PBXFrameworksBuildPhase section */
		2312703F1FCFE26B00833CE8 /* Frameworks */ = {
			isa = PBXFrameworksBuildPhase;
			buildActionMask = 2147483647;
			files = (
				234750392047DAFF00B2D3FD /* VideoToolbox.framework in Frameworks */,
				234750372047DAF600B2D3FD /* AVFoundation.framework in Frameworks */,
				234750352047DAEE00B2D3FD /* CoreGraphics.framework in Frameworks */,
				234750332047DADD00B2D3FD /* AudioToolbox.framework in Frameworks */,
				234750312047DAD200B2D3FD /* MobileCoreServices.framework in Frameworks */,
				2347502F2047DAC500B2D3FD /* SystemConfiguration.framework in Frameworks */,
				2347502D2047DAB900B2D3FD /* CFNetwork.framework in Frameworks */,
				2347502B2047DAB000B2D3FD /* MediaPlayer.framework in Frameworks */,
				234750292047DAA200B2D3FD /* CoreTelephony.framework in Frameworks */,
				234750272047DA9100B2D3FD /* libstdc++.6.0.9.tbd in Frameworks */,
				234750252047DA8300B2D3FD /* libz.tbd in Frameworks */,
				234750232047DA6B00B2D3FD /* libsqlite3.tbd in Frameworks */,
				234750212047DA5E00B2D3FD /* libicucore.tbd in Frameworks */,
				2347501F2047DA4400B2D3FD /* libresolv.9.tbd in Frameworks */,
				23BEE98D83E9D2E32A520B18 /* libPods-Test.a in Frameworks */,
				2347501D2047D9CC00B2D3FD /* YTX_iOS_IM_SDK_v5.4.1r.a in Frameworks */,
			);
			runOnlyForDeploymentPostprocessing = 0;
		};
		231270571FCFE26C00833CE8 /* Frameworks */ = {
			isa = PBXFrameworksBuildPhase;
			buildActionMask = 2147483647;
			files = (
			);
			runOnlyForDeploymentPostprocessing = 0;
		};
		231270621FCFE26C00833CE8 /* Frameworks */ = {
			isa = PBXFrameworksBuildPhase;
			buildActionMask = 2147483647;
			files = (
			);
			runOnlyForDeploymentPostprocessing = 0;
		};
/* End PBXFrameworksBuildPhase section */

/* Begin PBXGroup section */
		12CC906CC60F2B305C7D15FF /* Frameworks */ = {
			isa = PBXGroup;
			children = (
				234750382047DAFF00B2D3FD /* VideoToolbox.framework */,
				234750362047DAF600B2D3FD /* AVFoundation.framework */,
				234750342047DAED00B2D3FD /* CoreGraphics.framework */,
				234750322047DADD00B2D3FD /* AudioToolbox.framework */,
				234750302047DAD200B2D3FD /* MobileCoreServices.framework */,
				2347502E2047DAC500B2D3FD /* SystemConfiguration.framework */,
				2347502C2047DAB900B2D3FD /* CFNetwork.framework */,
				2347502A2047DAB000B2D3FD /* MediaPlayer.framework */,
				234750282047DAA200B2D3FD /* CoreTelephony.framework */,
				234750262047DA9000B2D3FD /* libstdc++.6.0.9.tbd */,
				234750242047DA8300B2D3FD /* libz.tbd */,
				234750222047DA6B00B2D3FD /* libsqlite3.tbd */,
				234750202047DA5E00B2D3FD /* libicucore.tbd */,
				2347501E2047DA4400B2D3FD /* libresolv.9.tbd */,
				2D1A714DD24CAAA2AA17EB7A /* libPods-Test.a */,
			);
			name = Frameworks;
			sourceTree = "<group>";
		};
		231270391FCFE26B00833CE8 = {
			isa = PBXGroup;
			children = (
				23474FD12047D9CC00B2D3FD /* YTX_iOS_IM_SDK_v5.4.1r */,
				231270441FCFE26B00833CE8 /* Test */,
				2312705D1FCFE26C00833CE8 /* TestTests */,
				231270681FCFE26C00833CE8 /* TestUITests */,
				231270431FCFE26B00833CE8 /* Products */,
				B9B597AA055E356764CAE4F6 /* Pods */,
				12CC906CC60F2B305C7D15FF /* Frameworks */,
			);
			sourceTree = "<group>";
		};
		231270431FCFE26B00833CE8 /* Products */ = {
			isa = PBXGroup;
			children = (
				231270421FCFE26B00833CE8 /* Test.app */,
				2312705A1FCFE26C00833CE8 /* TestTests.xctest */,
				231270651FCFE26C00833CE8 /* TestUITests.xctest */,
			);
			name = Products;
			sourceTree = "<group>";
		};
		231270441FCFE26B00833CE8 /* Test */ = {
			isa = PBXGroup;
			children = (
				2347503A2047DBEF00B2D3FD /* Test.entitlements */,
				231270451FCFE26B00833CE8 /* AppDelegate.h */,
				231270461FCFE26B00833CE8 /* AppDelegate.mm */,
				231270481FCFE26B00833CE8 /* ViewController.h */,
				231270491FCFE26B00833CE8 /* ViewController.m */,
				23D691782043DD8A00A1FD54 /* TwoController.h */,
				23D691792043DD8A00A1FD54 /* TwoController.m */,
				23D6917B2043F97200A1FD54 /* UIView+category.h */,
				23D6917C2043F97200A1FD54 /* UIView+category.m */,
				231270771FCFE2DB00833CE8 /* CircleView.h */,
				231270781FCFE2DB00833CE8 /* CircleView.m */,
				2347503B2047F92F00B2D3FD /* CircleBtn.h */,
				2347503C2047F92F00B2D3FD /* CircleBtn.m */,
				2312704B1FCFE26B00833CE8 /* Main.storyboard */,
				2312704E1FCFE26B00833CE8 /* Assets.xcassets */,
				231270501FCFE26B00833CE8 /* LaunchScreen.storyboard */,
				231270531FCFE26B00833CE8 /* Info.plist */,
				2373C68C20CF989900F85072 /* condition.txt */,
				231270541FCFE26B00833CE8 /* main.m */,
				2373C68A20CF96A800F85072 /* test.txt */,
				2373C68E20CFA32B00F85072 /* area.json */,
				2373C68820CF958C00F85072 /* address_js.js */,
			);
			path = Test;
			sourceTree = "<group>";
		};
		2312705D1FCFE26C00833CE8 /* TestTests */ = {
			isa = PBXGroup;
			children = (
				2312705E1FCFE26C00833CE8 /* TestTests.m */,
				231270601FCFE26C00833CE8 /* Info.plist */,
				23D691752043A1FB00A1FD54 /* PrefixHeader.pch */,
			);
			path = TestTests;
			sourceTree = "<group>";
		};
		231270681FCFE26C00833CE8 /* TestUITests */ = {
			isa = PBXGroup;
			children = (
				231270691FCFE26C00833CE8 /* TestUITests.m */,
				2312706B1FCFE26C00833CE8 /* Info.plist */,
			);
			path = TestUITests;
			sourceTree = "<group>";
		};
		23474FD12047D9CC00B2D3FD /* YTX_iOS_IM_SDK_v5.4.1r */ = {
			isa = PBXGroup;
			children = (
				23474FD22047D9CC00B2D3FD /* types */,
				23474FFF2047D9CC00B2D3FD /* enums */,
				234750012047D9CC00B2D3FD /* Delegate */,
				2347500C2047D9CC00B2D3FD /* CCPSDKBundle.bundle */,
				2347500D2047D9CC00B2D3FD /* Manager */,
				234750172047D9CC00B2D3FD /* lib */,
				234750192047D9CC00B2D3FD /* ECDeviceHeaders.h */,
				2347501A2047D9CC00B2D3FD /* ECDeviceDelegate.h */,
				2347501B2047D9CC00B2D3FD /* ECDevice.h */,
			);
			path = YTX_iOS_IM_SDK_v5.4.1r;
			sourceTree = "<group>";
		};
		23474FD22047D9CC00B2D3FD /* types */ = {
			isa = PBXGroup;
			children = (
				23474FD32047D9CC00B2D3FD /* ECMessage.h */,
				23474FD42047D9CC00B2D3FD /* ECMeetingRoom.h */,
				23474FD52047D9CC00B2D3FD /* ECMessageBody.h */,
				23474FD62047D9CC00B2D3FD /* ECSountTouchConfig.h */,
				23474FD72047D9CC00B2D3FD /* NetworkStatistic.h */,
				23474FD82047D9CC00B2D3FD /* ECBaseNoticeMsg.h */,
				23474FD92047D9CC00B2D3FD /* ECProgressDelegate.h */,
				23474FDA2047D9CC00B2D3FD /* ECImageMessageBody.h */,
				23474FDB2047D9CC00B2D3FD /* ECGroupOption.h */,
				23474FDC2047D9CC00B2D3FD /* ECPersonInfo.h */,
				23474FDD2047D9CC00B2D3FD /* ECGroupMember.h */,
				23474FDE2047D9CC00B2D3FD /* ECGroup.h */,
				23474FDF2047D9CC00B2D3FD /* ECAudioConfig.h */,
				23474FE02047D9CC00B2D3FD /* ECMultiVoiceMeetingMsg.h */,
				23474FE12047D9CC00B2D3FD /* ECMultiDeviceState.h */,
				23474FE22047D9CC00B2D3FD /* ECVideoMessageBody.h */,
				23474FE32047D9CC00B2D3FD /* ECUserStateMessageBody.h */,
				23474FE42047D9CC00B2D3FD /* ECUserState.h */,
				23474FE52047D9CC00B2D3FD /* ECLoginInfo.h */,
				23474FE62047D9CC00B2D3FD /* ECMultiVideoMeetingMsg.h */,
				23474FE72047D9CC00B2D3FD /* ECGroupNoticeMessage.h */,
				23474FE82047D9CC00B2D3FD /* ECCallMessageBody.h */,
				23474FE92047D9CC00B2D3FD /* ECStruct.h */,
				23474FEA2047D9CC00B2D3FD /* ECMessageNotifyMsg.h */,
				23474FEB2047D9CC00B2D3FD /* ECLocationMessageBody.h */,
				23474FEC2047D9CC00B2D3FD /* ECFriendNoticeMsg.h */,
				23474FED2047D9CC00B2D3FD /* VoipCall.h */,
				23474FEE2047D9CC00B2D3FD /* ECPreviewMessageBody.h */,
				23474FEF2047D9CC00B2D3FD /* ECError.h */,
				23474FF02047D9CC00B2D3FD /* ECCreateMeetingParams.h */,
				23474FF12047D9CC00B2D3FD /* ECFileMessageBody.h */,
				23474FF22047D9CC00B2D3FD /* ECInterphoneMeetingMsg.h */,
				23474FF32047D9CC00B2D3FD /* LiveChatRoomType */,
				23474FF82047D9CC00B2D3FD /* CameraDeviceInfo.h */,
				23474FF92047D9CC00B2D3FD /* ECGroupMatch.h */,
				23474FFA2047D9CC00B2D3FD /* ECCmdMessageBody.h */,
				23474FFB2047D9CC00B2D3FD /* ECTextMessageBody.h */,
				23474FFC2047D9CC00B2D3FD /* ECReadMessageMember.h */,
				23474FFD2047D9CC00B2D3FD /* ECVoiceMessageBody.h */,
				23474FFE2047D9CC00B2D3FD /* ECMeetingMember.h */,
			);
			path = types;
			sourceTree = "<group>";
		};
		23474FF32047D9CC00B2D3FD /* LiveChatRoomType */ = {
			isa = PBXGroup;
			children = (
				23474FF42047D9CC00B2D3FD /* ECLiveChatRoomMember.h */,
				23474FF52047D9CC00B2D3FD /* ECLiveChatRoomNoticeMessage.h */,
				23474FF62047D9CC00B2D3FD /* ECLiveChatRoomRequest.h */,
				23474FF72047D9CC00B2D3FD /* ECLiveChatRoomInfo.h */,
			);
			path = LiveChatRoomType;
			sourceTree = "<group>";
		};
		23474FFF2047D9CC00B2D3FD /* enums */ = {
			isa = PBXGroup;
			children = (
				234750002047D9CC00B2D3FD /* ECEnumDefs.h */,
			);
			path = enums;
			sourceTree = "<group>";
		};
		234750012047D9CC00B2D3FD /* Delegate */ = {
			isa = PBXGroup;
			children = (
				234750022047D9CC00B2D3FD /* ECDeskDelegate.h */,
				234750032047D9CC00B2D3FD /* ECMessageDelegate.h */,
				234750042047D9CC00B2D3FD /* ECSystemDelegate.h */,
				234750052047D9CC00B2D3FD /* ECDelegateBase.h */,
				234750062047D9CC00B2D3FD /* ECChatDelegate.h */,
				234750072047D9CC00B2D3FD /* ECGroupDelegate.h */,
				234750082047D9CC00B2D3FD /* ECMeetingDelegate.h */,
				234750092047D9CC00B2D3FD /* ECVoIPCallDelegate.h */,
				2347500A2047D9CC00B2D3FD /* ECNetworkDelegate.h */,
				2347500B2047D9CC00B2D3FD /* ECLiveChatRoomDelegate.h */,
			);
			path = Delegate;
			sourceTree = "<group>";
		};
		2347500D2047D9CC00B2D3FD /* Manager */ = {
			isa = PBXGroup;
			children = (
				2347500E2047D9CC00B2D3FD /* ECChatManager.h */,
				2347500F2047D9CC00B2D3FD /* ECGroupManager.h */,
				234750102047D9CC00B2D3FD /* ECLiveChatRoomManager.h */,
				234750112047D9CC00B2D3FD /* ECVoIPSetManager.h */,
				234750122047D9CC00B2D3FD /* ECVoIPManager.h */,
				234750132047D9CC00B2D3FD /* ECVoIPCallManager.h */,
				234750142047D9CC00B2D3FD /* ECMeetingManager.h */,
				234750152047D9CC00B2D3FD /* ECMessageManager.h */,
				234750162047D9CC00B2D3FD /* ECManagerBase.h */,
			);
			path = Manager;
			sourceTree = "<group>";
		};
		234750172047D9CC00B2D3FD /* lib */ = {
			isa = PBXGroup;
			children = (
				234750182047D9CC00B2D3FD /* YTX_iOS_IM_SDK_v5.4.1r.a */,
			);
			path = lib;
			sourceTree = "<group>";
		};
		B9B597AA055E356764CAE4F6 /* Pods */ = {
			isa = PBXGroup;
			children = (
				9BB4E8DC10E03DB676A2A816 /* Pods-Test.debug.xcconfig */,
				0D33D86D8726CC06A30817CF /* Pods-Test.release.xcconfig */,
			);
			name = Pods;
			sourceTree = "<group>";
		};
/* End PBXGroup section */

/* Begin PBXNativeTarget section */
		231270411FCFE26B00833CE8 /* Test */ = {
			isa = PBXNativeTarget;
			buildConfigurationList = 2312706E1FCFE26C00833CE8 /* Build configuration list for PBXNativeTarget "Test" */;
			buildPhases = (
				74C81D6CEF630093EE91B852 /* [CP] Check Pods Manifest.lock */,
				2312703E1FCFE26B00833CE8 /* Sources */,
				2312703F1FCFE26B00833CE8 /* Frameworks */,
				231270401FCFE26B00833CE8 /* Resources */,
			);
			buildRules = (
			);
			dependencies = (
			);
			name = Test;
			productName = Test;
			productReference = 231270421FCFE26B00833CE8 /* Test.app */;
			productType = "com.apple.product-type.application";
		};
		231270591FCFE26C00833CE8 /* TestTests */ = {
			isa = PBXNativeTarget;
			buildConfigurationList = 231270711FCFE26C00833CE8 /* Build configuration list for PBXNativeTarget "TestTests" */;
			buildPhases = (
				231270561FCFE26C00833CE8 /* Sources */,
				231270571FCFE26C00833CE8 /* Frameworks */,
				231270581FCFE26C00833CE8 /* Resources */,
			);
			buildRules = (
			);
			dependencies = (
				2312705C1FCFE26C00833CE8 /* PBXTargetDependency */,
			);
			name = TestTests;
			productName = TestTests;
			productReference = 2312705A1FCFE26C00833CE8 /* TestTests.xctest */;
			productType = "com.apple.product-type.bundle.unit-test";
		};
		231270641FCFE26C00833CE8 /* TestUITests */ = {
			isa = PBXNativeTarget;
			buildConfigurationList = 231270741FCFE26C00833CE8 /* Build configuration list for PBXNativeTarget "TestUITests" */;
			buildPhases = (
				231270611FCFE26C00833CE8 /* Sources */,
				231270621FCFE26C00833CE8 /* Frameworks */,
				231270631FCFE26C00833CE8 /* Resources */,
			);
			buildRules = (
			);
			dependencies = (
				231270671FCFE26C00833CE8 /* PBXTargetDependency */,
			);
			name = TestUITests;
			productName = TestUITests;
			productReference = 231270651FCFE26C00833CE8 /* TestUITests.xctest */;
			productType = "com.apple.product-type.bundle.ui-testing";
		};
/* End PBXNativeTarget section */

/* Begin PBXProject section */
		2312703A1FCFE26B00833CE8 /* Project object */ = {
			isa = PBXProject;
			attributes = {
				LastUpgradeCheck = 0900;
				ORGANIZATIONNAME = "杨波";
				TargetAttributes = {
					231270411FCFE26B00833CE8 = {
						CreatedOnToolsVersion = 9.0.1;
						ProvisioningStyle = Automatic;
						SystemCapabilities = {
							com.apple.Push = {
								enabled = 1;
							};
						};
					};
					231270591FCFE26C00833CE8 = {
						CreatedOnToolsVersion = 9.0.1;
						ProvisioningStyle = Automatic;
						TestTargetID = 231270411FCFE26B00833CE8;
					};
					231270641FCFE26C00833CE8 = {
						CreatedOnToolsVersion = 9.0.1;
						ProvisioningStyle = Automatic;
						TestTargetID = 231270411FCFE26B00833CE8;
					};
				};
			};
			buildConfigurationList = 2312703D1FCFE26B00833CE8 /* Build configuration list for PBXProject "Test" */;
			compatibilityVersion = "Xcode 8.0";
			developmentRegion = en;
			hasScannedForEncodings = 0;
			knownRegions = (
				en,
				Base,
			);
			mainGroup = 231270391FCFE26B00833CE8;
			productRefGroup = 231270431FCFE26B00833CE8 /* Products */;
			projectDirPath = "";
			projectRoot = "";
			targets = (
				231270411FCFE26B00833CE8 /* Test */,
				231270591FCFE26C00833CE8 /* TestTests */,
				231270641FCFE26C00833CE8 /* TestUITests */,
			);
		};
/* End PBXProject section */

/* Begin PBXResourcesBuildPhase section */
		231270401FCFE26B00833CE8 /* Resources */ = {
			isa = PBXResourcesBuildPhase;
			buildActionMask = 2147483647;
			files = (
				231270521FCFE26B00833CE8 /* LaunchScreen.storyboard in Resources */,
				2373C68920CF958D00F85072 /* address_js.js in Resources */,
				2373C68F20CFA32C00F85072 /* area.json in Resources */,
				2373C68D20CF989A00F85072 /* condition.txt in Resources */,
				2347501C2047D9CC00B2D3FD /* CCPSDKBundle.bundle in Resources */,
				2312704F1FCFE26B00833CE8 /* Assets.xcassets in Resources */,
				2373C68B20CF96A800F85072 /* test.txt in Resources */,
				2312704D1FCFE26B00833CE8 /* Main.storyboard in Resources */,
			);
			runOnlyForDeploymentPostprocessing = 0;
		};
		231270581FCFE26C00833CE8 /* Resources */ = {
			isa = PBXResourcesBuildPhase;
			buildActionMask = 2147483647;
			files = (
			);
			runOnlyForDeploymentPostprocessing = 0;
		};
		231270631FCFE26C00833CE8 /* Resources */ = {
			isa = PBXResourcesBuildPhase;
			buildActionMask = 2147483647;
			files = (
			);
			runOnlyForDeploymentPostprocessing = 0;
		};
/* End PBXResourcesBuildPhase section */

/* Begin PBXShellScriptBuildPhase section */
		74C81D6CEF630093EE91B852 /* [CP] Check Pods Manifest.lock */ = {
			isa = PBXShellScriptBuildPhase;
			buildActionMask = 2147483647;
			files = (
			);
			inputPaths = (
				"${PODS_PODFILE_DIR_PATH}/Podfile.lock",
				"${PODS_ROOT}/Manifest.lock",
			);
			name = "[CP] Check Pods Manifest.lock";
			outputPaths = (
				"$(DERIVED_FILE_DIR)/Pods-Test-checkManifestLockResult.txt",
			);
			runOnlyForDeploymentPostprocessing = 0;
			shellPath = /bin/sh;
			shellScript = "diff \"${PODS_PODFILE_DIR_PATH}/Podfile.lock\" \"${PODS_ROOT}/Manifest.lock\" > /dev/null\nif [ $? != 0 ] ; then\n    # print error to STDERR\n    echo \"error: The sandbox is not in sync with the Podfile.lock. Run 'pod install' or update your CocoaPods installation.\" >&2\n    exit 1\nfi\n# This output is used by Xcode 'outputs' to avoid re-running this script phase.\necho \"SUCCESS\" > \"${SCRIPT_OUTPUT_FILE_0}\"\n";
			showEnvVarsInLog = 0;
		};
/* End PBXShellScriptBuildPhase section */

/* Begin PBXSourcesBuildPhase section */
		2312703E1FCFE26B00833CE8 /* Sources */ = {
			isa = PBXSourcesBuildPhase;
			buildActionMask = 2147483647;
			files = (
				231270791FCFE2DB00833CE8 /* CircleView.m in Sources */,
				2347503D2047F92F00B2D3FD /* CircleBtn.m in Sources */,
				2312704A1FCFE26B00833CE8 /* ViewController.m in Sources */,
				231270551FCFE26B00833CE8 /* main.m in Sources */,
				23D6917A2043DD8A00A1FD54 /* TwoController.m in Sources */,
				23D6917D2043F97200A1FD54 /* UIView+category.m in Sources */,
				231270471FCFE26B00833CE8 /* AppDelegate.mm in Sources */,
			);
			runOnlyForDeploymentPostprocessing = 0;
		};
		231270561FCFE26C00833CE8 /* Sources */ = {
			isa = PBXSourcesBuildPhase;
			buildActionMask = 2147483647;
			files = (
				2312705F1FCFE26C00833CE8 /* TestTests.m in Sources */,
			);
			runOnlyForDeploymentPostprocessing = 0;
		};
		231270611FCFE26C00833CE8 /* Sources */ = {
			isa = PBXSourcesBuildPhase;
			buildActionMask = 2147483647;
			files = (
				2312706A1FCFE26C00833CE8 /* TestUITests.m in Sources */,
			);
			runOnlyForDeploymentPostprocessing = 0;
		};
/* End PBXSourcesBuildPhase section */

/* Begin PBXTargetDependency section */
		2312705C1FCFE26C00833CE8 /* PBXTargetDependency */ = {
			isa = PBXTargetDependency;
			target = 231270411FCFE26B00833CE8 /* Test */;
			targetProxy = 2312705B1FCFE26C00833CE8 /* PBXContainerItemProxy */;
		};
		231270671FCFE26C00833CE8 /* PBXTargetDependency */ = {
			isa = PBXTargetDependency;
			target = 231270411FCFE26B00833CE8 /* Test */;
			targetProxy = 231270661FCFE26C00833CE8 /* PBXContainerItemProxy */;
		};
/* End PBXTargetDependency section */

/* Begin PBXVariantGroup section */
		2312704B1FCFE26B00833CE8 /* Main.storyboard */ = {
			isa = PBXVariantGroup;
			children = (
				2312704C1FCFE26B00833CE8 /* Base */,
			);
			name = Main.storyboard;
			sourceTree = "<group>";
		};
		231270501FCFE26B00833CE8 /* LaunchScreen.storyboard */ = {
			isa = PBXVariantGroup;
			children = (
				231270511FCFE26B00833CE8 /* Base */,
			);
			name = LaunchScreen.storyboard;
			sourceTree = "<group>";
		};
/* End PBXVariantGroup section */

/* Begin XCBuildConfiguration section */
		2312706C1FCFE26C00833CE8 /* Debug */ = {
			isa = XCBuildConfiguration;
			buildSettings = {
				ALWAYS_SEARCH_USER_PATHS = NO;
				CLANG_ANALYZER_NONNULL = YES;
				CLANG_ANALYZER_NUMBER_OBJECT_CONVERSION = YES_AGGRESSIVE;
				CLANG_CXX_LANGUAGE_STANDARD = "gnu++14";
				CLANG_CXX_LIBRARY = "libc++";
				CLANG_ENABLE_MODULES = YES;
				CLANG_ENABLE_OBJC_ARC = YES;
				CLANG_WARN_BLOCK_CAPTURE_AUTORELEASING = YES;
				CLANG_WARN_BOOL_CONVERSION = YES;
				CLANG_WARN_COMMA = YES;
				CLANG_WARN_CONSTANT_CONVERSION = YES;
				CLANG_WARN_DIRECT_OBJC_ISA_USAGE = YES_ERROR;
				CLANG_WARN_DOCUMENTATION_COMMENTS = YES;
				CLANG_WARN_EMPTY_BODY = YES;
				CLANG_WARN_ENUM_CONVERSION = YES;
				CLANG_WARN_INFINITE_RECURSION = YES;
				CLANG_WARN_INT_CONVERSION = YES;
				CLANG_WARN_NON_LITERAL_NULL_CONVERSION = YES;
				CLANG_WARN_OBJC_LITERAL_CONVERSION = YES;
				CLANG_WARN_OBJC_ROOT_CLASS = YES_ERROR;
				CLANG_WARN_RANGE_LOOP_ANALYSIS = YES;
				CLANG_WARN_STRICT_PROTOTYPES = YES;
				CLANG_WARN_SUSPICIOUS_MOVE = YES;
				CLANG_WARN_UNGUARDED_AVAILABILITY = YES_AGGRESSIVE;
				CLANG_WARN_UNREACHABLE_CODE = YES;
				CLANG_WARN__DUPLICATE_METHOD_MATCH = YES;
				CODE_SIGN_IDENTITY = "iPhone Developer";
				COPY_PHASE_STRIP = NO;
				DEBUG_INFORMATION_FORMAT = dwarf;
				ENABLE_STRICT_OBJC_MSGSEND = YES;
				ENABLE_TESTABILITY = YES;
				GCC_C_LANGUAGE_STANDARD = gnu11;
				GCC_DYNAMIC_NO_PIC = NO;
				GCC_NO_COMMON_BLOCKS = YES;
				GCC_OPTIMIZATION_LEVEL = 0;
				GCC_PREPROCESSOR_DEFINITIONS = (
					"DEBUG=1",
					"$(inherited)",
				);
				GCC_WARN_64_TO_32_BIT_CONVERSION = YES;
				GCC_WARN_ABOUT_RETURN_TYPE = YES_ERROR;
				GCC_WARN_UNDECLARED_SELECTOR = YES;
				GCC_WARN_UNINITIALIZED_AUTOS = YES_AGGRESSIVE;
				GCC_WARN_UNUSED_FUNCTION = YES;
				GCC_WARN_UNUSED_VARIABLE = YES;
				IPHONEOS_DEPLOYMENT_TARGET = 11.0;
				MTL_ENABLE_DEBUG_INFO = YES;
				ONLY_ACTIVE_ARCH = YES;
				SDKROOT = iphoneos;
			};
			name = Debug;
		};
		2312706D1FCFE26C00833CE8 /* Release */ = {
			isa = XCBuildConfiguration;
			buildSettings = {
				ALWAYS_SEARCH_USER_PATHS = NO;
				CLANG_ANALYZER_NONNULL = YES;
				CLANG_ANALYZER_NUMBER_OBJECT_CONVERSION = YES_AGGRESSIVE;
				CLANG_CXX_LANGUAGE_STANDARD = "gnu++14";
				CLANG_CXX_LIBRARY = "libc++";
				CLANG_ENABLE_MODULES = YES;
				CLANG_ENABLE_OBJC_ARC = YES;
				CLANG_WARN_BLOCK_CAPTURE_AUTORELEASING = YES;
				CLANG_WARN_BOOL_CONVERSION = YES;
				CLANG_WARN_COMMA = YES;
				CLANG_WARN_CONSTANT_CONVERSION = YES;
				CLANG_WARN_DIRECT_OBJC_ISA_USAGE = YES_ERROR;
				CLANG_WARN_DOCUMENTATION_COMMENTS = YES;
				CLANG_WARN_EMPTY_BODY = YES;
				CLANG_WARN_ENUM_CONVERSION = YES;
				CLANG_WARN_INFINITE_RECURSION = YES;
				CLANG_WARN_INT_CONVERSION = YES;
				CLANG_WARN_NON_LITERAL_NULL_CONVERSION = YES;
				CLANG_WARN_OBJC_LITERAL_CONVERSION = YES;
				CLANG_WARN_OBJC_ROOT_CLASS = YES_ERROR;
				CLANG_WARN_RANGE_LOOP_ANALYSIS = YES;
				CLANG_WARN_STRICT_PROTOTYPES = YES;
				CLANG_WARN_SUSPICIOUS_MOVE = YES;
				CLANG_WARN_UNGUARDED_AVAILABILITY = YES_AGGRESSIVE;
				CLANG_WARN_UNREACHABLE_CODE = YES;
				CLANG_WARN__DUPLICATE_METHOD_MATCH = YES;
				CODE_SIGN_IDENTITY = "iPhone Developer";
				COPY_PHASE_STRIP = NO;
				DEBUG_INFORMATION_FORMAT = "dwarf-with-dsym";
				ENABLE_NS_ASSERTIONS = NO;
				ENABLE_STRICT_OBJC_MSGSEND = YES;
				GCC_C_LANGUAGE_STANDARD = gnu11;
				GCC_NO_COMMON_BLOCKS = YES;
				GCC_WARN_64_TO_32_BIT_CONVERSION = YES;
				GCC_WARN_ABOUT_RETURN_TYPE = YES_ERROR;
				GCC_WARN_UNDECLARED_SELECTOR = YES;
				GCC_WARN_UNINITIALIZED_AUTOS = YES_AGGRESSIVE;
				GCC_WARN_UNUSED_FUNCTION = YES;
				GCC_WARN_UNUSED_VARIABLE = YES;
				IPHONEOS_DEPLOYMENT_TARGET = 11.0;
				MTL_ENABLE_DEBUG_INFO = NO;
				SDKROOT = iphoneos;
				VALIDATE_PRODUCT = YES;
			};
			name = Release;
		};
		2312706F1FCFE26C00833CE8 /* Debug */ = {
			isa = XCBuildConfiguration;
			baseConfigurationReference = 9BB4E8DC10E03DB676A2A816 /* Pods-Test.debug.xcconfig */;
			buildSettings = {
				ASSETCATALOG_COMPILER_APPICON_NAME = AppIcon;
				ASSETCATALOG_COMPILER_LAUNCHIMAGE_NAME = LaunchImage;
				CLANG_CXX_LANGUAGE_STANDARD = "compiler-default";
				CLANG_CXX_LIBRARY = "compiler-default";
				CODE_SIGN_ENTITLEMENTS = Test/Test.entitlements;
				CODE_SIGN_STYLE = Automatic;
				DEVELOPMENT_TEAM = 4TCW3KT5AU;
				ENABLE_BITCODE = NO;
				GCC_PRECOMPILE_PREFIX_HEADER = YES;
				GCC_PREFIX_HEADER = "$(SRCROOT)/TestTests/PrefixHeader.pch";
				INFOPLIST_FILE = Test/Info.plist;
				LD_RUNPATH_SEARCH_PATHS = "$(inherited) @executable_path/Frameworks";
				LIBRARY_SEARCH_PATHS = (
					"$(inherited)",
					"$(PROJECT_DIR)/YTX_iOS_IM_SDK_v5.4.1r/lib",
				);
				PRODUCT_BUNDLE_IDENTIFIER = com.yjyx.Test;
				PRODUCT_NAME = "$(TARGET_NAME)";
				TARGETED_DEVICE_FAMILY = "1,2";
			};
			name = Debug;
		};
		231270701FCFE26C00833CE8 /* Release */ = {
			isa = XCBuildConfiguration;
			baseConfigurationReference = 0D33D86D8726CC06A30817CF /* Pods-Test.release.xcconfig */;
			buildSettings = {
				ASSETCATALOG_COMPILER_APPICON_NAME = AppIcon;
				ASSETCATALOG_COMPILER_LAUNCHIMAGE_NAME = LaunchImage;
				CLANG_CXX_LANGUAGE_STANDARD = "compiler-default";
				CLANG_CXX_LIBRARY = "compiler-default";
				CODE_SIGN_ENTITLEMENTS = Test/Test.entitlements;
				CODE_SIGN_STYLE = Automatic;
				DEVELOPMENT_TEAM = 4TCW3KT5AU;
				ENABLE_BITCODE = NO;
				GCC_PRECOMPILE_PREFIX_HEADER = YES;
				GCC_PREFIX_HEADER = "$(SRCROOT)/TestTests/PrefixHeader.pch";
				INFOPLIST_FILE = Test/Info.plist;
				LD_RUNPATH_SEARCH_PATHS = "$(inherited) @executable_path/Frameworks";
				LIBRARY_SEARCH_PATHS = (
					"$(inherited)",
					"$(PROJECT_DIR)/YTX_iOS_IM_SDK_v5.4.1r/lib",
				);
				PRODUCT_BUNDLE_IDENTIFIER = com.yjyx.Test;
				PRODUCT_NAME = "$(TARGET_NAME)";
				TARGETED_DEVICE_FAMILY = "1,2";
			};
			name = Release;
		};
		231270721FCFE26C00833CE8 /* Debug */ = {
			isa = XCBuildConfiguration;
			buildSettings = {
				BUNDLE_LOADER = "$(TEST_HOST)";
				CODE_SIGN_STYLE = Automatic;
				INFOPLIST_FILE = TestTests/Info.plist;
				LD_RUNPATH_SEARCH_PATHS = "$(inherited) @executable_path/Frameworks @loader_path/Frameworks";
				PRODUCT_BUNDLE_IDENTIFIER = com.yjyx.TestTests;
				PRODUCT_NAME = "$(TARGET_NAME)";
				TARGETED_DEVICE_FAMILY = "1,2";
				TEST_HOST = "$(BUILT_PRODUCTS_DIR)/Test.app/Test";
			};
			name = Debug;
		};
		231270731FCFE26C00833CE8 /* Release */ = {
			isa = XCBuildConfiguration;
			buildSettings = {
				BUNDLE_LOADER = "$(TEST_HOST)";
				CODE_SIGN_STYLE = Automatic;
				INFOPLIST_FILE = TestTests/Info.plist;
				LD_RUNPATH_SEARCH_PATHS = "$(inherited) @executable_path/Frameworks @loader_path/Frameworks";
				PRODUCT_BUNDLE_IDENTIFIER = com.yjyx.TestTests;
				PRODUCT_NAME = "$(TARGET_NAME)";
				TARGETED_DEVICE_FAMILY = "1,2";
				TEST_HOST = "$(BUILT_PRODUCTS_DIR)/Test.app/Test";
			};
			name = Release;
		};
		231270751FCFE26C00833CE8 /* Debug */ = {
			isa = XCBuildConfiguration;
			buildSettings = {
				CODE_SIGN_STYLE = Automatic;
				INFOPLIST_FILE = TestUITests/Info.plist;
				LD_RUNPATH_SEARCH_PATHS = "$(inherited) @executable_path/Frameworks @loader_path/Frameworks";
				PRODUCT_BUNDLE_IDENTIFIER = com.yjyx.TestUITests;
				PRODUCT_NAME = "$(TARGET_NAME)";
				TARGETED_DEVICE_FAMILY = "1,2";
				TEST_TARGET_NAME = Test;
			};
			name = Debug;
		};
		231270761FCFE26C00833CE8 /* Release */ = {
			isa = XCBuildConfiguration;
			buildSettings = {
				CODE_SIGN_STYLE = Automatic;
				INFOPLIST_FILE = TestUITests/Info.plist;
				LD_RUNPATH_SEARCH_PATHS = "$(inherited) @executable_path/Frameworks @loader_path/Frameworks";
				PRODUCT_BUNDLE_IDENTIFIER = com.yjyx.TestUITests;
				PRODUCT_NAME = "$(TARGET_NAME)";
				TARGETED_DEVICE_FAMILY = "1,2";
				TEST_TARGET_NAME = Test;
			};
			name = Release;
		};
/* End XCBuildConfiguration section */

/* Begin XCConfigurationList section */
		2312703D1FCFE26B00833CE8 /* Build configuration list for PBXProject "Test" */ = {
			isa = XCConfigurationList;
			buildConfigurations = (
				2312706C1FCFE26C00833CE8 /* Debug */,
				2312706D1FCFE26C00833CE8 /* Release */,
			);
			defaultConfigurationIsVisible = 0;
			defaultConfigurationName = Release;
		};
		2312706E1FCFE26C00833CE8 /* Build configuration list for PBXNativeTarget "Test" */ = {
			isa = XCConfigurationList;
			buildConfigurations = (
				2312706F1FCFE26C00833CE8 /* Debug */,
				231270701FCFE26C00833CE8 /* Release */,
			);
			defaultConfigurationIsVisible = 0;
			defaultConfigurationName = Release;
		};
		231270711FCFE26C00833CE8 /* Build configuration list for PBXNativeTarget "TestTests" */ = {
			isa = XCConfigurationList;
			buildConfigurations = (
				231270721FCFE26C00833CE8 /* Debug */,
				231270731FCFE26C00833CE8 /* Release */,
			);
			defaultConfigurationIsVisible = 0;
			defaultConfigurationName = Release;
		};
		231270741FCFE26C00833CE8 /* Build configuration list for PBXNativeTarget "TestUITests" */ = {
			isa = XCConfigurationList;
			buildConfigurations = (
				231270751FCFE26C00833CE8 /* Debug */,
				231270761FCFE26C00833CE8 /* Release */,
			);
			defaultConfigurationIsVisible = 0;
			defaultConfigurationName = Release;
		};
/* End XCConfigurationList section */
	};
	rootObject = 2312703A1FCFE26B00833CE8 /* Project object */;
}
